schema: nabhold-contract-consumer-lock
version: "1.0"
source:
  repository: nabhold/shared
  commit: 9f1f610bf3668e130a2ffd8b9840647db18d9f8d
contracts:
  - contracts/control-plane/v1/access-token-claims.schema.json
  - contracts/control-plane/v1/context-resolution.schema.json
  - contracts/control-plane/v1/openapi.yaml
  - contracts/control-plane/v1/security-policy.yaml
policy:
  updates: explicit_pull_request
  compatibility: validate_before_merge
